{
  "version": 4,
  "terraform_version": "1.5.7",
  "serial": 64,
  "lineage": "01a07af1-3e91-7d17-1beb-500d7a79ec31",
  "outputs": {},
  "resources": [
    {
      "mode": "managed",
      "type": "azurerm_linux_web_app",
      "name": "VLPR",
      "provider": "provider[\"registry.terraform.io/hashicorp/azurerm\"]",
      "instances": [
        {
          "schema_version": 0,
          "attributes": {
            "app_settings": {
              "ANPR_API_ENDPOINT": "https://api.armell.ai/api/v2/recognize_bytes/",
              "ANPR_API_PASSWORD": "theengiekuec3oekaum6Mu!u0",
              "ANPR_API_USER": "brian",
              "DATABASE_URL": "postgresql://psqladmin:x!H1R52mGLrPa%@vlpr-dev.postgres.database.azure.com:5432/postgres",
              "PROJECT_NAME": "Vehicle License Plate Recognition",
              "SECRET_KEY": "z35v0hsbvxxsd-=fy3$mhmd!z675z$1nlas2kw#$0p8#d-p4$@"
            },
            "auth_settings": [],
            "auth_settings_v2": [],
            "backup": [],
            "client_affinity_enabled": false,
            "client_certificate_enabled": false,
            "client_certificate_exclusion_paths": "",
            "client_certificate_mode": "Required",
            "connection_string": [
              {
                "name": "psql",
                "type": "PostgreSQL",
                "value": "postgresql://psqladmin:x!H1R52mGLrPa%@vlpr-dev.postgres.database.azure.com:5432/postgres"
              }
            ],
            "custom_domain_verification_id": "A3B2D0F3E73F1686982D4B82A143A874887581346A034179F7B6205D5A6C62A2",
            "default_hostname": "vlpr-dev.azurewebsites.net",
            "enabled": true,
            "hosting_environment_id": "",
            "https_only": false,
            "id": "/subscriptions/c1e31a18-848c-4197-9ac7-f919c1b1d131/resourceGroups/vlpr-dev/providers/Microsoft.Web/sites/vlpr-dev",
            "identity": [],
            "key_vault_reference_identity_id": "SystemAssigned",
            "kind": "app,linux,container",
            "location": "westeurope",
            "logs": [],
            "name": "vlpr-dev",
            "outbound_ip_address_list": [
              "20.71.14.202",
              "20.71.14.235",
              "20.71.15.64",
              "20.71.15.67",
              "20.73.128.133",
              "20.73.128.169",
              "20.71.8.16",
              "20.71.8.178",
              "20.71.9.47",
              "20.71.9.98",
              "20.71.9.113",
              "20.71.9.196",
              "20.105.232.31"
            ],
            "outbound_ip_addresses": "20.71.14.202,20.71.14.235,20.71.15.64,20.71.15.67,20.73.128.133,20.73.128.169,20.71.8.16,20.71.8.178,20.71.9.47,20.71.9.98,20.71.9.113,20.71.9.196,20.105.232.31",
            "possible_outbound_ip_address_list": [
              "20.71.14.202",
              "20.71.14.235",
              "20.71.15.64",
              "20.71.15.67",
              "20.73.128.133",
              "20.73.128.169",
              "20.71.8.16",
              "20.71.8.178",
              "20.71.9.47",
              "20.71.9.98",
              "20.71.9.113",
              "20.71.9.196",
              "20.71.10.57",
              "20.71.10.241",
              "20.71.11.42",
              "20.71.11.75",
              "20.71.12.6",
              "20.71.12.43",
              "20.71.12.105",
              "20.71.14.85",
              "20.71.11.127",
              "20.71.14.136",
              "20.71.14.179",
              "20.71.14.200",
              "20.71.14.202",
              "20.71.14.235",
              "20.71.15.64",
              "20.71.15.67",
              "20.73.128.133",
              "20.73.128.169",
              "20.73.129.47",
              "20.73.129.88",
              "20.73.130.79",
              "20.73.130.134",
              "20.73.130.177",
              "20.73.130.233",
              "20.105.232.31"
            ],
            "possible_outbound_ip_addresses": "20.71.14.202,20.71.14.235,20.71.15.64,20.71.15.67,20.73.128.133,20.73.128.169,20.71.8.16,20.71.8.178,20.71.9.47,20.71.9.98,20.71.9.113,20.71.9.196,20.71.10.57,20.71.10.241,20.71.11.42,20.71.11.75,20.71.12.6,20.71.12.43,20.71.12.105,20.71.14.85,20.71.11.127,20.71.14.136,20.71.14.179,20.71.14.200,20.71.14.202,20.71.14.235,20.71.15.64,20.71.15.67,20.73.128.133,20.73.128.169,20.73.129.47,20.73.129.88,20.73.130.79,20.73.130.134,20.73.130.177,20.73.130.233,20.105.232.31",
            "public_network_access_enabled": true,
            "resource_group_name": "vlpr-dev",
            "service_plan_id": "/subscriptions/c1e31a18-848c-4197-9ac7-f919c1b1d131/resourceGroups/vlpr-dev/providers/Microsoft.Web/serverfarms/vlpr-dev",
            "site_config": [
              {
                "always_on": true,
                "api_definition_url": "",
                "api_management_api_id": "",
                "app_command_line": "",
                "application_stack": [
                  {
                    "docker_image": "",
                    "docker_image_name": "globalsoftwarehouse.azurecr.io/test",
                    "docker_image_tag": "",
                    "docker_registry_password": "",
                    "docker_registry_url": "",
                    "docker_registry_username": "",
                    "dotnet_version": "",
                    "go_version": "",
                    "java_server": "",
                    "java_server_version": "",
                    "java_version": "",
                    "node_version": "",
                    "php_version": "",
                    "python_version": "",
                    "ruby_version": ""
                  }
                ],
                "auto_heal_enabled": false,
                "auto_heal_setting": [],
                "container_registry_managed_identity_client_id": "",
                "container_registry_use_managed_identity": false,
                "cors": [],
                "default_documents": [
                  "Default.htm",
                  "Default.html",
                  "Default.asp",
                  "index.htm",
                  "index.html",
                  "iisstart.htm",
                  "default.aspx",
                  "index.php",
                  "hostingstart.html"
                ],
                "detailed_error_logging_enabled": false,
                "ftps_state": "Disabled",
                "health_check_eviction_time_in_min": 0,
                "health_check_path": "",
                "http2_enabled": false,
                "ip_restriction": [],
                "linux_fx_version": "DOCKER|globalsoftwarehouse.azurecr.io/test",
                "load_balancing_mode": "LeastRequests",
                "local_mysql_enabled": false,
                "managed_pipeline_mode": "Integrated",
                "minimum_tls_version": "1.2",
                "remote_debugging_enabled": false,
                "remote_debugging_version": "VS2019",
                "scm_ip_restriction": [],
                "scm_minimum_tls_version": "1.2",
                "scm_type": "None",
                "scm_use_main_ip_restriction": false,
                "use_32_bit_worker": true,
                "vnet_route_all_enabled": false,
                "websockets_enabled": false,
                "worker_count": 1
              }
            ],
            "site_credential": [
              {
                "name": "$vlpr-dev",
                "password": "i3JzlRtgGCTxLp6kFuXp6fjLYyy7SY1KdG6n1ujZ0epTxaAiAcNngjhT6xyc"
              }
            ],
            "sticky_settings": [],
            "storage_account": [],
            "tags": {},
            "timeouts": null,
            "virtual_network_subnet_id": "/subscriptions/c1e31a18-848c-4197-9ac7-f919c1b1d131/resourceGroups/vlpr-dev/providers/Microsoft.Network/virtualNetworks/vlpr-dev/subnets/vlpr-webapp",
            "zip_deploy_file": ""
          },
          "sensitive_attributes": [],
          "private": "eyJlMmJmYjczMC1lY2FhLTExZTYtOGY4OC0zNDM2M2JjN2M0YzAiOnsiY3JlYXRlIjoxODAwMDAwMDAwMDAwLCJkZWxldGUiOjE4MDAwMDAwMDAwMDAsInJlYWQiOjMwMDAwMDAwMDAwMCwidXBkYXRlIjoxODAwMDAwMDAwMDAwfX0=",
          "dependencies": [
            "azurerm_postgresql_flexible_server.VLPR",
            "azurerm_resource_group.VLPR",
            "azurerm_service_plan.VLPR",
            "azurerm_subnet.VLPR_webapp"
          ]
        }
      ]
    },
    {
      "mode": "managed",
      "type": "azurerm_nat_gateway",
      "name": "VLPR",
      "provider": "provider[\"registry.terraform.io/hashicorp/azurerm\"]",
      "instances": [
        {
          "schema_version": 0,
          "attributes": {
            "id": "/subscriptions/c1e31a18-848c-4197-9ac7-f919c1b1d131/resourceGroups/vlpr-dev/providers/Microsoft.Network/natGateways/vlpr-dev",
            "idle_timeout_in_minutes": 4,
            "location": "westeurope",
            "name": "vlpr-dev",
            "resource_group_name": "vlpr-dev",
            "resource_guid": "186ff104-787c-464b-a033-225e717b697a",
            "sku_name": "Standard",
            "tags": {},
            "timeouts": null,
            "zones": []
          },
          "sensitive_attributes": [],
          "private": "eyJlMmJmYjczMC1lY2FhLTExZTYtOGY4OC0zNDM2M2JjN2M0YzAiOnsiY3JlYXRlIjozNjAwMDAwMDAwMDAwLCJkZWxldGUiOjM2MDAwMDAwMDAwMDAsInJlYWQiOjMwMDAwMDAwMDAwMCwidXBkYXRlIjozNjAwMDAwMDAwMDAwfX0=",
          "dependencies": [
            "azurerm_resource_group.VLPR"
          ]
        }
      ]
    },
    {
      "mode": "managed",
      "type": "azurerm_postgresql_flexible_server",
      "name": "VLPR",
      "provider": "provider[\"registry.terraform.io/hashicorp/azurerm\"]",
      "instances": [
        {
          "schema_version": 0,
          "attributes": {
            "administrator_login": "psqladmin",
            "administrator_password": "x!H1R52mGLrPa%",
            "authentication": [
              {
                "active_directory_auth_enabled": false,
                "password_auth_enabled": true,
                "tenant_id": ""
              }
            ],
            "auto_grow_enabled": false,
            "backup_retention_days": 7,
            "create_mode": null,
            "customer_managed_key": [],
            "delegated_subnet_id": "/subscriptions/c1e31a18-848c-4197-9ac7-f919c1b1d131/resourceGroups/vlpr-dev/providers/Microsoft.Network/virtualNetworks/vlpr-dev/subnets/vlpr-sql-dev",
            "fqdn": "vlpr-dev.postgres.database.azure.com",
            "geo_redundant_backup_enabled": false,
            "high_availability": [],
            "id": "/subscriptions/c1e31a18-848c-4197-9ac7-f919c1b1d131/resourceGroups/vlpr-dev/providers/Microsoft.DBforPostgreSQL/flexibleServers/vlpr-dev",
            "identity": [],
            "location": "westeurope",
            "maintenance_window": [],
            "name": "vlpr-dev",
            "point_in_time_restore_time_in_utc": null,
            "private_dns_zone_id": "/subscriptions/c1e31a18-848c-4197-9ac7-f919c1b1d131/resourceGroups/vlpr-dev/providers/Microsoft.Network/privateDnsZones/sql.postgres.database.azure.com",
            "public_network_access_enabled": false,
            "replication_role": "",
            "resource_group_name": "vlpr-dev",
            "sku_name": "GP_Standard_D4s_v3",
            "source_server_id": null,
            "storage_mb": 32768,
            "tags": {},
            "timeouts": null,
            "version": "13",
            "zone": "1"
          },
          "sensitive_attributes": [],
          "private": "eyJlMmJmYjczMC1lY2FhLTExZTYtOGY4OC0zNDM2M2JjN2M0YzAiOnsiY3JlYXRlIjozNjAwMDAwMDAwMDAwLCJkZWxldGUiOjM2MDAwMDAwMDAwMDAsInJlYWQiOjMwMDAwMDAwMDAwMCwidXBkYXRlIjozNjAwMDAwMDAwMDAwfX0=",
          "dependencies": [
            "azurerm_private_dns_zone.VLPR",
            "azurerm_private_dns_zone_virtual_network_link.VLPR",
            "azurerm_resource_group.VLPR",
            "azurerm_subnet.VLPR_sql",
            "azurerm_virtual_network.VLPR"
          ]
        }
      ]
    },
    {
      "mode": "managed",
      "type": "azurerm_private_dns_zone",
      "name": "VLPR",
      "provider": "provider[\"registry.terraform.io/hashicorp/azurerm\"]",
      "instances": [
        {
          "schema_version": 0,
          "attributes": {
            "id": "/subscriptions/c1e31a18-848c-4197-9ac7-f919c1b1d131/resourceGroups/vlpr-dev/providers/Microsoft.Network/privateDnsZones/sql.postgres.database.azure.com",
            "max_number_of_record_sets": 25000,
            "max_number_of_virtual_network_links": 1000,
            "max_number_of_virtual_network_links_with_registration": 100,
            "name": "sql.postgres.database.azure.com",
            "number_of_record_sets": 2,
            "resource_group_name": "vlpr-dev",
            "soa_record": [
              {
                "email": "azureprivatedns-host.microsoft.com",
                "expire_time": 2419200,
                "fqdn": "sql.postgres.database.azure.com.",
                "host_name": "azureprivatedns.net",
                "minimum_ttl": 10,
                "refresh_time": 3600,
                "retry_time": 300,
                "serial_number": 1,
                "tags": {},
                "ttl": 3600
              }
            ],
            "tags": {},
            "timeouts": null
          },
          "sensitive_attributes": [],
          "private": "eyJlMmJmYjczMC1lY2FhLTExZTYtOGY4OC0zNDM2M2JjN2M0YzAiOnsiY3JlYXRlIjoxODAwMDAwMDAwMDAwLCJkZWxldGUiOjE4MDAwMDAwMDAwMDAsInJlYWQiOjMwMDAwMDAwMDAwMCwidXBkYXRlIjoxODAwMDAwMDAwMDAwfX0=",
          "dependencies": [
            "azurerm_resource_group.VLPR"
          ]
        }
      ]
    },
    {
      "mode": "managed",
      "type": "azurerm_private_dns_zone_virtual_network_link",
      "name": "VLPR",
      "provider": "provider[\"registry.terraform.io/hashicorp/azurerm\"]",
      "instances": [
        {
          "schema_version": 0,
          "attributes": {
            "id": "/subscriptions/c1e31a18-848c-4197-9ac7-f919c1b1d131/resourceGroups/vlpr-dev/providers/Microsoft.Network/privateDnsZones/sql.postgres.database.azure.com/virtualNetworkLinks/vlpr-dev",
            "name": "vlpr-dev",
            "private_dns_zone_name": "sql.postgres.database.azure.com",
            "registration_enabled": false,
            "resource_group_name": "vlpr-dev",
            "tags": {},
            "timeouts": null,
            "virtual_network_id": "/subscriptions/c1e31a18-848c-4197-9ac7-f919c1b1d131/resourceGroups/vlpr-dev/providers/Microsoft.Network/virtualNetworks/vlpr-dev"
          },
          "sensitive_attributes": [],
          "private": "eyJlMmJmYjczMC1lY2FhLTExZTYtOGY4OC0zNDM2M2JjN2M0YzAiOnsiY3JlYXRlIjoxODAwMDAwMDAwMDAwLCJkZWxldGUiOjE4MDAwMDAwMDAwMDAsInJlYWQiOjMwMDAwMDAwMDAwMCwidXBkYXRlIjoxODAwMDAwMDAwMDAwfX0=",
          "dependencies": [
            "azurerm_private_dns_zone.VLPR",
            "azurerm_resource_group.VLPR",
            "azurerm_virtual_network.VLPR"
          ]
        }
      ]
    },
    {
      "mode": "managed",
      "type": "azurerm_resource_group",
      "name": "VLPR",
      "provider": "provider[\"registry.terraform.io/hashicorp/azurerm\"]",
      "instances": [
        {
          "schema_version": 0,
          "attributes": {
            "id": "/subscriptions/c1e31a18-848c-4197-9ac7-f919c1b1d131/resourceGroups/vlpr-dev",
            "location": "westeurope",
            "managed_by": "",
            "name": "vlpr-dev",
            "tags": {},
            "timeouts": null
          },
          "sensitive_attributes": [],
          "private": "eyJlMmJmYjczMC1lY2FhLTExZTYtOGY4OC0zNDM2M2JjN2M0YzAiOnsiY3JlYXRlIjo1NDAwMDAwMDAwMDAwLCJkZWxldGUiOjU0MDAwMDAwMDAwMDAsInJlYWQiOjMwMDAwMDAwMDAwMCwidXBkYXRlIjo1NDAwMDAwMDAwMDAwfX0="
        }
      ]
    },
    {
      "mode": "managed",
      "type": "azurerm_service_plan",
      "name": "VLPR",
      "provider": "provider[\"registry.terraform.io/hashicorp/azurerm\"]",
      "instances": [
        {
          "schema_version": 0,
          "attributes": {
            "app_service_environment_id": "",
            "id": "/subscriptions/c1e31a18-848c-4197-9ac7-f919c1b1d131/resourceGroups/vlpr-dev/providers/Microsoft.Web/serverfarms/vlpr-dev",
            "kind": "linux",
            "location": "westeurope",
            "maximum_elastic_worker_count": 1,
            "name": "vlpr-dev",
            "os_type": "Linux",
            "per_site_scaling_enabled": false,
            "reserved": true,
            "resource_group_name": "vlpr-dev",
            "sku_name": "B1",
            "tags": {},
            "timeouts": null,
            "worker_count": 1,
            "zone_balancing_enabled": false
          },
          "sensitive_attributes": [],
          "private": "eyJlMmJmYjczMC1lY2FhLTExZTYtOGY4OC0zNDM2M2JjN2M0YzAiOnsiY3JlYXRlIjozNjAwMDAwMDAwMDAwLCJkZWxldGUiOjM2MDAwMDAwMDAwMDAsInJlYWQiOjMwMDAwMDAwMDAwMCwidXBkYXRlIjozNjAwMDAwMDAwMDAwfX0=",
          "dependencies": [
            "azurerm_resource_group.VLPR"
          ]
        }
      ]
    },
    {
      "mode": "managed",
      "type": "azurerm_subnet",
      "name": "VLPR_sql",
      "provider": "provider[\"registry.terraform.io/hashicorp/azurerm\"]",
      "instances": [
        {
          "schema_version": 0,
          "attributes": {
            "address_prefixes": [
              "10.0.2.0/24"
            ],
            "delegation": [
              {
                "name": "fs",
                "service_delegation": [
                  {
                    "actions": [
                      "Microsoft.Network/virtualNetworks/subnets/join/action"
                    ],
                    "name": "Microsoft.DBforPostgreSQL/flexibleServers"
                  }
                ]
              }
            ],
            "enforce_private_link_endpoint_network_policies": false,
            "enforce_private_link_service_network_policies": false,
            "id": "/subscriptions/c1e31a18-848c-4197-9ac7-f919c1b1d131/resourceGroups/vlpr-dev/providers/Microsoft.Network/virtualNetworks/vlpr-dev/subnets/vlpr-sql-dev",
            "name": "vlpr-sql-dev",
            "private_endpoint_network_policies_enabled": true,
            "private_link_service_network_policies_enabled": true,
            "resource_group_name": "vlpr-dev",
            "service_endpoint_policy_ids": [],
            "service_endpoints": [
              "Microsoft.Storage"
            ],
            "timeouts": null,
            "virtual_network_name": "vlpr-dev"
          },
          "sensitive_attributes": [],
          "private": "eyJlMmJmYjczMC1lY2FhLTExZTYtOGY4OC0zNDM2M2JjN2M0YzAiOnsiY3JlYXRlIjoxODAwMDAwMDAwMDAwLCJkZWxldGUiOjE4MDAwMDAwMDAwMDAsInJlYWQiOjMwMDAwMDAwMDAwMCwidXBkYXRlIjoxODAwMDAwMDAwMDAwfX0=",
          "dependencies": [
            "azurerm_resource_group.VLPR",
            "azurerm_virtual_network.VLPR"
          ]
        }
      ]
    },
    {
      "mode": "managed",
      "type": "azurerm_subnet",
      "name": "VLPR_webapp",
      "provider": "provider[\"registry.terraform.io/hashicorp/azurerm\"]",
      "instances": [
        {
          "schema_version": 0,
          "attributes": {
            "address_prefixes": [
              "10.0.1.0/24"
            ],
            "delegation": [
              {
                "name": "webapp-delegation",
                "service_delegation": [
                  {
                    "actions": [
                      "Microsoft.Network/virtualNetworks/subnets/action"
                    ],
                    "name": "Microsoft.Web/serverFarms"
                  }
                ]
              }
            ],
            "enforce_private_link_endpoint_network_policies": false,
            "enforce_private_link_service_network_policies": false,
            "id": "/subscriptions/c1e31a18-848c-4197-9ac7-f919c1b1d131/resourceGroups/vlpr-dev/providers/Microsoft.Network/virtualNetworks/vlpr-dev/subnets/vlpr-webapp",
            "name": "vlpr-webapp",
            "private_endpoint_network_policies_enabled": true,
            "private_link_service_network_policies_enabled": true,
            "resource_group_name": "vlpr-dev",
            "service_endpoint_policy_ids": [],
            "service_endpoints": [],
            "timeouts": null,
            "virtual_network_name": "vlpr-dev"
          },
          "sensitive_attributes": [],
          "private": "eyJlMmJmYjczMC1lY2FhLTExZTYtOGY4OC0zNDM2M2JjN2M0YzAiOnsiY3JlYXRlIjoxODAwMDAwMDAwMDAwLCJkZWxldGUiOjE4MDAwMDAwMDAwMDAsInJlYWQiOjMwMDAwMDAwMDAwMCwidXBkYXRlIjoxODAwMDAwMDAwMDAwfX0=",
          "dependencies": [
            "azurerm_resource_group.VLPR",
            "azurerm_virtual_network.VLPR"
          ]
        }
      ]
    },
    {
      "mode": "managed",
      "type": "azurerm_subnet_nat_gateway_association",
      "name": "VLPR",
      "provider": "provider[\"registry.terraform.io/hashicorp/azurerm\"]",
      "instances": [
        {
          "schema_version": 0,
          "attributes": {
            "id": "/subscriptions/c1e31a18-848c-4197-9ac7-f919c1b1d131/resourceGroups/vlpr-dev/providers/Microsoft.Network/virtualNetworks/vlpr-dev/subnets/vlpr-webapp",
            "nat_gateway_id": "/subscriptions/c1e31a18-848c-4197-9ac7-f919c1b1d131/resourceGroups/vlpr-dev/providers/Microsoft.Network/natGateways/vlpr-dev",
            "subnet_id": "/subscriptions/c1e31a18-848c-4197-9ac7-f919c1b1d131/resourceGroups/vlpr-dev/providers/Microsoft.Network/virtualNetworks/vlpr-dev/subnets/vlpr-webapp",
            "timeouts": null
          },
          "sensitive_attributes": [],
          "private": "eyJlMmJmYjczMC1lY2FhLTExZTYtOGY4OC0zNDM2M2JjN2M0YzAiOnsiY3JlYXRlIjoxODAwMDAwMDAwMDAwLCJkZWxldGUiOjE4MDAwMDAwMDAwMDAsInJlYWQiOjMwMDAwMDAwMDAwMCwidXBkYXRlIjoxODAwMDAwMDAwMDAwfX0=",
          "dependencies": [
            "azurerm_nat_gateway.VLPR",
            "azurerm_resource_group.VLPR",
            "azurerm_subnet.VLPR_webapp",
            "azurerm_virtual_network.VLPR"
          ]
        }
      ]
    },
    {
      "mode": "managed",
      "type": "azurerm_virtual_network",
      "name": "VLPR",
      "provider": "provider[\"registry.terraform.io/hashicorp/azurerm\"]",
      "instances": [
        {
          "schema_version": 0,
          "attributes": {
            "address_space": [
              "10.0.0.0/16"
            ],
            "bgp_community": "",
            "ddos_protection_plan": [],
            "dns_servers": [],
            "edge_zone": "",
            "encryption": [],
            "flow_timeout_in_minutes": 0,
            "guid": "f7d8a9c6-5ffe-4d3b-a3a3-78f6763d6872",
            "id": "/subscriptions/c1e31a18-848c-4197-9ac7-f919c1b1d131/resourceGroups/vlpr-dev/providers/Microsoft.Network/virtualNetworks/vlpr-dev",
            "location": "westeurope",
            "name": "vlpr-dev",
            "resource_group_name": "vlpr-dev",
            "subnet": [
              {
                "address_prefix": "10.0.1.0/24",
                "id": "/subscriptions/c1e31a18-848c-4197-9ac7-f919c1b1d131/resourceGroups/vlpr-dev/providers/Microsoft.Network/virtualNetworks/vlpr-dev/subnets/vlpr-webapp",
                "name": "vlpr-webapp",
                "security_group": ""
              },
              {
                "address_prefix": "10.0.2.0/24",
                "id": "/subscriptions/c1e31a18-848c-4197-9ac7-f919c1b1d131/resourceGroups/vlpr-dev/providers/Microsoft.Network/virtualNetworks/vlpr-dev/subnets/vlpr-sql-dev",
                "name": "vlpr-sql-dev",
                "security_group": ""
              }
            ],
            "tags": {},
            "timeouts": null
          },
          "sensitive_attributes": [],
          "private": "eyJlMmJmYjczMC1lY2FhLTExZTYtOGY4OC0zNDM2M2JjN2M0YzAiOnsiY3JlYXRlIjoxODAwMDAwMDAwMDAwLCJkZWxldGUiOjE4MDAwMDAwMDAwMDAsInJlYWQiOjMwMDAwMDAwMDAwMCwidXBkYXRlIjoxODAwMDAwMDAwMDAwfX0=",
          "dependencies": [
            "azurerm_resource_group.VLPR"
          ]
        }
      ]
    }
  ],
  "check_results": null
}
